
Microsoft Visual Studio Solution File, Format Version 12.00
# Visual Studio Version 16
VisualStudioVersion = 16.0.32630.194
MinimumVisualStudioVersion = 10.0.40219.1
Project("{FAE04EC0-301F-11D3-BF4B-00C04F79EFBC}") = "Programa1Sabrinaouton", "Programa1Sabrinaouton\Programa1Sabrinaouton.csproj", "{D0711EEA-6313-41F9-9A1B-A23EEA3049F6}"
EndProject
Global
	GlobalSection(SolutionConfigurationPlatforms) = preSolution
		Debug|Any CPU = Debug|Any CPU
		Release|Any CPU = Release|Any CPU
	EndGlobalSection
	GlobalSection(ProjectConfigurationPlatforms) = postSolution
		{D0711EEA-6313-41F9-9A1B-A23EEA3049F6}.Debug|Any CPU.ActiveCfg = Debug|Any CPU
		{D0711EEA-6313-41F9-9A1B-A23EEA3049F6}.Debug|Any CPU.Build.0 = Debug|Any CPU
		{D0711EEA-6313-41F9-9A1B-A23EEA3049F6}.Release|Any CPU.ActiveCfg = Release|Any CPU
		{D0711EEA-6313-41F9-9A1B-A23EEA3049F6}.Release|Any CPU.Build.0 = Release|Any CPU
	EndGlobalSection
	GlobalSection(SolutionProperties) = preSolution
		HideSolutionNode = FALSE
	EndGlobalSection
	GlobalSection(ExtensibilityGlobals) = postSolution
		SolutionGuid = {D66C4D09-CDC9-4FEB-B22D-1923593745CE}
	EndGlobalSection
EndGlobal
